
Microsoft Visual Studio Solution File, Format Version 12.00
# Visual Studio Version 17
VisualStudioVersion = 17.3.32825.248
MinimumVisualStudioVersion = 10.0.40219.1
Project("{FAE04EC0-301F-11D3-BF4B-00C04F79EFBC}") = "User Management", "User Management\User Management.csproj", "{B671367E-56D3-45B2-82C4-9EB48E20DDA3}"
EndProject
Global
	GlobalSection(SolutionConfigurationPlatforms) = preSolution
		Debug|Any CPU = Debug|Any CPU
		Release|Any CPU = Release|Any CPU
	EndGlobalSection
	GlobalSection(ProjectConfigurationPlatforms) = postSolution
		{B671367E-56D3-45B2-82C4-9EB48E20DDA3}.Debug|Any CPU.ActiveCfg = Debug|Any CPU
		{B671367E-56D3-45B2-82C4-9EB48E20DDA3}.Debug|Any CPU.Build.0 = Debug|Any CPU
		{B671367E-56D3-45B2-82C4-9EB48E20DDA3}.Release|Any CPU.ActiveCfg = Release|Any CPU
		{B671367E-56D3-45B2-82C4-9EB48E20DDA3}.Release|Any CPU.Build.0 = Release|Any CPU
	EndGlobalSection
	GlobalSection(SolutionProperties) = preSolution
		HideSolutionNode = FALSE
	EndGlobalSection
	GlobalSection(ExtensibilityGlobals) = postSolution
		SolutionGuid = {AF04077E-9B96-4D75-A64F-AFAA1F495562}
	EndGlobalSection
EndGlobal
